
Microsoft Visual Studio Solution File, Format Version 12.00
# Visual Studio Version 16
VisualStudioVersion = 16.0.30517.126
MinimumVisualStudioVersion = 10.0.40219.1
Project("{FAE04EC0-301F-11D3-BF4B-00C04F79EFBC}") = "CA201008", "CA201008\CA201008.csproj", "{32F30E1E-BB38-4D67-BB31-8CA0C18FCE75}"
EndProject
Global
	GlobalSection(SolutionConfigurationPlatforms) = preSolution
		Debug|Any CPU = Debug|Any CPU
		Release|Any CPU = Release|Any CPU
	EndGlobalSection
	GlobalSection(ProjectConfigurationPlatforms) = postSolution
		{32F30E1E-BB38-4D67-BB31-8CA0C18FCE75}.Debug|Any CPU.ActiveCfg = Debug|Any CPU
		{32F30E1E-BB38-4D67-BB31-8CA0C18FCE75}.Debug|Any CPU.Build.0 = Debug|Any CPU
		{32F30E1E-BB38-4D67-BB31-8CA0C18FCE75}.Release|Any CPU.ActiveCfg = Release|Any CPU
		{32F30E1E-BB38-4D67-BB31-8CA0C18FCE75}.Release|Any CPU.Build.0 = Release|Any CPU
	EndGlobalSection
	GlobalSection(SolutionProperties) = preSolution
		HideSolutionNode = FALSE
	EndGlobalSection
	GlobalSection(ExtensibilityGlobals) = postSolution
		SolutionGuid = {8F98F20C-425C-4481-838B-82FBBF0B8FE5}
	EndGlobalSection
EndGlobal
